
Microsoft Visual Studio Solution File, Format Version 12.00
# Visual Studio 15
VisualStudioVersion = 15.0.27130.2024
MinimumVisualStudioVersion = 10.0.40219.1
Project("{FAE04EC0-301F-11D3-BF4B-00C04F79EFBC}") = "quicktype-vs", "quicktype-vs\quicktype-vs.csproj", "{C4B206EC-2756-4E79-BBB2-0FFB35ED272C}"
EndProject
Global
	GlobalSection(SolutionConfigurationPlatforms) = preSolution
		Debug|Any CPU = Debug|Any CPU
		Release|Any CPU = Release|Any CPU
	EndGlobalSection
	GlobalSection(ProjectConfigurationPlatforms) = postSolution
		{C4B206EC-2756-4E79-BBB2-0FFB35ED272C}.Debug|Any CPU.ActiveCfg = Debug|Any CPU
		{C4B206EC-2756-4E79-BBB2-0FFB35ED272C}.Debug|Any CPU.Build.0 = Debug|Any CPU
		{C4B206EC-2756-4E79-BBB2-0FFB35ED272C}.Release|Any CPU.ActiveCfg = Release|Any CPU
		{C4B206EC-2756-4E79-BBB2-0FFB35ED272C}.Release|Any CPU.Build.0 = Release|Any CPU
	EndGlobalSection
	GlobalSection(SolutionProperties) = preSolution
		HideSolutionNode = FALSE
	EndGlobalSection
	GlobalSection(ExtensibilityGlobals) = postSolution
		SolutionGuid = {D264BC7B-781D-4947-BA82-3D9F7F259053}
	EndGlobalSection
EndGlobal
